// !$*UTF8*$!
{
	archiveVersion = 1;
	classes = {
	};
	objectVersion = 46;
	objects = {

/* Begin PBXBuildFile section */
		515BBEFD1D35037C00543388 /* AppDelegate.swift in Sources */ = {isa = PBXBuildFile; fileRef = 515BBEFC1D35037C00543388 /* AppDelegate.swift */; };
		515BBEFF1D35037C00543388 /* ViewController.swift in Sources */ = {isa = PBXBuildFile; fileRef = 515BBEFE1D35037C00543388 /* ViewController.swift */; };
		515BBF041D35037C00543388 /* Assets.xcassets in Resources */ = {isa = PBXBuildFile; fileRef = 515BBF031D35037C00543388 /* Assets.xcassets */; };
		515BBF071D35037C00543388 /* LaunchScreen.storyboard in Resources */ = {isa = PBXBuildFile; fileRef = 515BBF051D35037C00543388 /* LaunchScreen.storyboard */; };
		515BBF0F1D35050800543388 /* pokemon.csv in Resources */ = {isa = PBXBuildFile; fileRef = 515BBF0E1D35050800543388 /* pokemon.csv */; };
		515BBF151D3505F400543388 /* Pokemon.swift in Sources */ = {isa = PBXBuildFile; fileRef = 515BBF141D3505F400543388 /* Pokemon.swift */; };
		515BBF171D350A4100543388 /* PokemonCell.swift in Sources */ = {isa = PBXBuildFile; fileRef = 515BBF161D350A4100543388 /* PokemonCell.swift */; };
		515BBF191D35108700543388 /* csv.swift in Sources */ = {isa = PBXBuildFile; fileRef = 515BBF181D35108700543388 /* csv.swift */; };
		515BBF1C1D3514D900543388 /* Pokemon.ttf in Resources */ = {isa = PBXBuildFile; fileRef = 515BBF1B1D3514D900543388 /* Pokemon.ttf */; };
		515BBF1E1D35177400543388 /* music.mp3 in Resources */ = {isa = PBXBuildFile; fileRef = 515BBF1D1D35177400543388 /* music.mp3 */; };
		515BBF201D3523C900543388 /* PokemonDetailVC.swift in Sources */ = {isa = PBXBuildFile; fileRef = 515BBF1F1D3523C900543388 /* PokemonDetailVC.swift */; };
		515BBF231D3526EE00543388 /* Main.storyboard in Resources */ = {isa = PBXBuildFile; fileRef = 515BBF211D3526EE00543388 /* Main.storyboard */; };
		5D3D7DB86D865C25AED4D810 /* Pods_pokedex.framework in Frameworks */ = {isa = PBXBuildFile; fileRef = ECD17BD55BF46687EAFD4BCB /* Pods_pokedex.framework */; };
/* End PBXBuildFile section */

/* Begin PBXFileReference section */
		515BBEF91D35037C00543388 /* pokedex.app */ = {isa = PBXFileReference; explicitFileType = wrapper.application; includeInIndex = 0; path = pokedex.app; sourceTree = BUILT_PRODUCTS_DIR; };
		515BBEFC1D35037C00543388 /* AppDelegate.swift */ = {isa = PBXFileReference; lastKnownFileType = sourcecode.swift; path = AppDelegate.swift; sourceTree = "<group>"; };
		515BBEFE1D35037C00543388 /* ViewController.swift */ = {isa = PBXFileReference; lastKnownFileType = sourcecode.swift; path = ViewController.swift; sourceTree = "<group>"; };
		515BBF031D35037C00543388 /* Assets.xcassets */ = {isa = PBXFileReference; lastKnownFileType = folder.assetcatalog; path = Assets.xcassets; sourceTree = "<group>"; };
		515BBF061D35037C00543388 /* Base */ = {isa = PBXFileReference; lastKnownFileType = file.storyboard; name = Base; path = Base.lproj/LaunchScreen.storyboard; sourceTree = "<group>"; };
		515BBF081D35037C00543388 /* Info.plist */ = {isa = PBXFileReference; lastKnownFileType = text.plist.xml; path = Info.plist; sourceTree = "<group>"; };
		515BBF0E1D35050800543388 /* pokemon.csv */ = {isa = PBXFileReference; fileEncoding = 4; lastKnownFileType = text; name = pokemon.csv; path = "../../../../Downloads/pokeapi-master/data/v1/pokemon.csv"; sourceTree = "<group>"; };
		515BBF141D3505F400543388 /* Pokemon.swift */ = {isa = PBXFileReference; fileEncoding = 4; lastKnownFileType = sourcecode.swift; path = Pokemon.swift; sourceTree = "<group>"; };
		515BBF161D350A4100543388 /* PokemonCell.swift */ = {isa = PBXFileReference; fileEncoding = 4; lastKnownFileType = sourcecode.swift; path = PokemonCell.swift; sourceTree = "<group>"; };
		515BBF181D35108700543388 /* csv.swift */ = {isa = PBXFileReference; fileEncoding = 4; lastKnownFileType = sourcecode.swift; path = csv.swift; sourceTree = "<group>"; };
		515BBF1B1D3514D900543388 /* Pokemon.ttf */ = {isa = PBXFileReference; lastKnownFileType = file; path = Pokemon.ttf; sourceTree = "<group>"; };
		515BBF1D1D35177400543388 /* music.mp3 */ = {isa = PBXFileReference; lastKnownFileType = audio.mp3; path = music.mp3; sourceTree = "<group>"; };
		515BBF1F1D3523C900543388 /* PokemonDetailVC.swift */ = {isa = PBXFileReference; fileEncoding = 4; lastKnownFileType = sourcecode.swift; path = PokemonDetailVC.swift; sourceTree = "<group>"; };
		515BBF221D3526EE00543388 /* Base */ = {isa = PBXFileReference; lastKnownFileType = file.storyboard; name = Base; path = Base.lproj/Main.storyboard; sourceTree = "<group>"; };
		E82A401F12EBA08D7DF6E8B1 /* Pods-pokedex.release.xcconfig */ = {isa = PBXFileReference; includeInIndex = 1; lastKnownFileType = text.xcconfig; name = "Pods-pokedex.release.xcconfig"; path = "Pods/Target Support Files/Pods-pokedex/Pods-pokedex.release.xcconfig"; sourceTree = "<group>"; };
		ECD17BD55BF46687EAFD4BCB /* Pods_pokedex.framework */ = {isa = PBXFileReference; explicitFileType = wrapper.framework; includeInIndex = 0; path = Pods_pokedex.framework; sourceTree = BUILT_PRODUCTS_DIR; };
		FBB1F79C203EFCB17FDD7779 /* Pods-pokedex.debug.xcconfig */ = {isa = PBXFileReference; includeInIndex = 1; lastKnownFileType = text.xcconfig; name = "Pods-pokedex.debug.xcconfig"; path = "Pods/Target Support Files/Pods-pokedex/Pods-pokedex.debug.xcconfig"; sourceTree = "<group>"; };
/* End PBXFileReference section */

/* Begin PBXFrameworksBuildPhase section */
		515BBEF61D35037C00543388 /* Frameworks */ = {
			isa = PBXFrameworksBuildPhase;
			buildActionMask = 2147483647;
			files = (
				5D3D7DB86D865C25AED4D810 /* Pods_pokedex.framework in Frameworks */,
			);
			runOnlyForDeploymentPostprocessing = 0;
		};
/* End PBXFrameworksBuildPhase section */

/* Begin PBXGroup section */
		515BBEF01D35037C00543388 = {
			isa = PBXGroup;
			children = (
				515BBEFB1D35037C00543388 /* pokedex */,
				515BBEFA1D35037C00543388 /* Products */,
				A8D5897C51ABAA5A0049BEE7 /* Pods */,
				75ED3C5438FCD96549B9F32C /* Frameworks */,
			);
			sourceTree = "<group>";
		};
		515BBEFA1D35037C00543388 /* Products */ = {
			isa = PBXGroup;
			children = (
				515BBEF91D35037C00543388 /* pokedex.app */,
			);
			name = Products;
			sourceTree = "<group>";
		};
		515BBEFB1D35037C00543388 /* pokedex */ = {
			isa = PBXGroup;
			children = (
				515BBF101D3505A700543388 /* Model */,
				515BBF111D3505AC00543388 /* View */,
				515BBF121D3505B000543388 /* Controller */,
				515BBF131D3505B500543388 /* Util */,
				515BBF1A1D3510CA00543388 /* Resources */,
				515BBEFC1D35037C00543388 /* AppDelegate.swift */,
				515BBF031D35037C00543388 /* Assets.xcassets */,
				515BBF081D35037C00543388 /* Info.plist */,
			);
			path = pokedex;
			sourceTree = "<group>";
		};
		515BBF101D3505A700543388 /* Model */ = {
			isa = PBXGroup;
			children = (
				515BBF141D3505F400543388 /* Pokemon.swift */,
			);
			name = Model;
			sourceTree = "<group>";
		};
		515BBF111D3505AC00543388 /* View */ = {
			isa = PBXGroup;
			children = (
				515BBF051D35037C00543388 /* LaunchScreen.storyboard */,
				515BBF211D3526EE00543388 /* Main.storyboard */,
				515BBF161D350A4100543388 /* PokemonCell.swift */,
			);
			name = View;
			sourceTree = "<group>";
		};
		515BBF121D3505B000543388 /* Controller */ = {
			isa = PBXGroup;
			children = (
				515BBEFE1D35037C00543388 /* ViewController.swift */,
				515BBF1F1D3523C900543388 /* PokemonDetailVC.swift */,
			);
			name = Controller;
			sourceTree = "<group>";
		};
		515BBF131D3505B500543388 /* Util */ = {
			isa = PBXGroup;
			children = (
				515BBF181D35108700543388 /* csv.swift */,
			);
			name = Util;
			sourceTree = "<group>";
		};
		515BBF1A1D3510CA00543388 /* Resources */ = {
			isa = PBXGroup;
			children = (
				515BBF1D1D35177400543388 /* music.mp3 */,
				515BBF1B1D3514D900543388 /* Pokemon.ttf */,
				515BBF0E1D35050800543388 /* pokemon.csv */,
			);
			name = Resources;
			sourceTree = "<group>";
		};
		75ED3C5438FCD96549B9F32C /* Frameworks */ = {
			isa = PBXGroup;
			children = (
				ECD17BD55BF46687EAFD4BCB /* Pods_pokedex.framework */,
			);
			name = Frameworks;
			sourceTree = "<group>";
		};
		A8D5897C51ABAA5A0049BEE7 /* Pods */ = {
			isa = PBXGroup;
			children = (
				FBB1F79C203EFCB17FDD7779 /* Pods-pokedex.debug.xcconfig */,
				E82A401F12EBA08D7DF6E8B1 /* Pods-pokedex.release.xcconfig */,
			);
			name = Pods;
			sourceTree = "<group>";
		};
/* End PBXGroup section */

/* Begin PBXNativeTarget section */
		515BBEF81D35037C00543388 /* pokedex */ = {
			isa = PBXNativeTarget;
			buildConfigurationList = 515BBF0B1D35037C00543388 /* Build configuration list for PBXNativeTarget "pokedex" */;
			buildPhases = (
				7A5E46AFFBCA5052DDEA5424 /* [CP] Check Pods Manifest.lock */,
				515BBEF51D35037C00543388 /* Sources */,
				515BBEF61D35037C00543388 /* Frameworks */,
				515BBEF71D35037C00543388 /* Resources */,
				9CA851BEA0925E20A8EA7A99 /* [CP] Embed Pods Frameworks */,
				BD348226F637F70A771380B4 /* [CP] Copy Pods Resources */,
			);
			buildRules = (
			);
			dependencies = (
			);
			name = pokedex;
			productName = pokedex;
			productReference = 515BBEF91D35037C00543388 /* pokedex.app */;
			productType = "com.apple.product-type.application";
		};
/* End PBXNativeTarget section */

/* Begin PBXProject section */
		515BBEF11D35037C00543388 /* Project object */ = {
			isa = PBXProject;
			attributes = {
				LastSwiftUpdateCheck = 0730;
				LastUpgradeCheck = 0730;
				ORGANIZATIONNAME = "Ziga Strgar";
				TargetAttributes = {
					515BBEF81D35037C00543388 = {
						CreatedOnToolsVersion = 7.3.1;
					};
				};
			};
			buildConfigurationList = 515BBEF41D35037C00543388 /* Build configuration list for PBXProject "pokedex" */;
			compatibilityVersion = "Xcode 3.2";
			developmentRegion = English;
			hasScannedForEncodings = 0;
			knownRegions = (
				en,
				Base,
			);
			mainGroup = 515BBEF01D35037C00543388;
			productRefGroup = 515BBEFA1D35037C00543388 /* Products */;
			projectDirPath = "";
			projectRoot = "";
			targets = (
				515BBEF81D35037C00543388 /* pokedex */,
			);
		};
/* End PBXProject section */

/* Begin PBXResourcesBuildPhase section */
		515BBEF71D35037C00543388 /* Resources */ = {
			isa = PBXResourcesBuildPhase;
			buildActionMask = 2147483647;
			files = (
				515BBF071D35037C00543388 /* LaunchScreen.storyboard in Resources */,
				515BBF1C1D3514D900543388 /* Pokemon.ttf in Resources */,
				515BBF1E1D35177400543388 /* music.mp3 in Resources */,
				515BBF231D3526EE00543388 /* Main.storyboard in Resources */,
				515BBF041D35037C00543388 /* Assets.xcassets in Resources */,
				515BBF0F1D35050800543388 /* pokemon.csv in Resources */,
			);
			runOnlyForDeploymentPostprocessing = 0;
		};
/* End PBXResourcesBuildPhase section */

/* Begin PBXShellScriptBuildPhase section */
		7A5E46AFFBCA5052DDEA5424 /* [CP] Check Pods Manifest.lock */ = {
			isa = PBXShellScriptBuildPhase;
			buildActionMask = 2147483647;
			files = (
			);
			inputPaths = (
			);
			name = "[CP] Check Pods Manifest.lock";
			outputPaths = (
			);
			runOnlyForDeploymentPostprocessing = 0;
			shellPath = /bin/sh;
			shellScript = "diff \"${PODS_ROOT}/../Podfile.lock\" \"${PODS_ROOT}/Manifest.lock\" > /dev/null\nif [[ $? != 0 ]] ; then\n    cat << EOM\nerror: The sandbox is not in sync with the Podfile.lock. Run 'pod install' or update your CocoaPods installation.\nEOM\n    exit 1\nfi\n";
			showEnvVarsInLog = 0;
		};
		9CA851BEA0925E20A8EA7A99 /* [CP] Embed Pods Frameworks */ = {
			isa = PBXShellScriptBuildPhase;
			buildActionMask = 2147483647;
			files = (
			);
			inputPaths = (
			);
			name = "[CP] Embed Pods Frameworks";
			outputPaths = (
			);
			runOnlyForDeploymentPostprocessing = 0;
			shellPath = /bin/sh;
			shellScript = "\"${SRCROOT}/Pods/Target Support Files/Pods-pokedex/Pods-pokedex-frameworks.sh\"\n";
			showEnvVarsInLog = 0;
		};
		BD348226F637F70A771380B4 /* [CP] Copy Pods Resources */ = {
			isa = PBXShellScriptBuildPhase;
			buildActionMask = 2147483647;
			files = (
			);
			inputPaths = (
			);
			name = "[CP] Copy Pods Resources";
			outputPaths = (
			);
			runOnlyForDeploymentPostprocessing = 0;
			shellPath = /bin/sh;
			shellScript = "\"${SRCROOT}/Pods/Target Support Files/Pods-pokedex/Pods-pokedex-resources.sh\"\n";
			showEnvVarsInLog = 0;
		};
/* End PBXShellScriptBuildPhase section */

/* Begin PBXSourcesBuildPhase section */
		515BBEF51D35037C00543388 /* Sources */ = {
			isa = PBXSourcesBuildPhase;
			buildActionMask = 2147483647;
			files = (
				515BBEFF1D35037C00543388 /* ViewController.swift in Sources */,
				515BBF171D350A4100543388 /* PokemonCell.swift in Sources */,
				515BBEFD1D35037C00543388 /* AppDelegate.swift in Sources */,
				515BBF201D3523C900543388 /* PokemonDetailVC.swift in Sources */,
				515BBF151D3505F400543388 /* Pokemon.swift in Sources */,
				515BBF191D35108700543388 /* csv.swift in Sources */,
			);
			runOnlyForDeploymentPostprocessing = 0;
		};
/* End PBXSourcesBuildPhase section */

/* Begin PBXVariantGroup section */
		515BBF051D35037C00543388 /* LaunchScreen.storyboard */ = {
			isa = PBXVariantGroup;
			children = (
				515BBF061D35037C00543388 /* Base */,
			);
			name = LaunchScreen.storyboard;
			sourceTree = "<group>";
		};
		515BBF211D3526EE00543388 /* Main.storyboard */ = {
			isa = PBXVariantGroup;
			children = (
				515BBF221D3526EE00543388 /* Base */,
			);
			name = Main.storyboard;
			sourceTree = "<group>";
		};
/* End PBXVariantGroup section */

/* Begin XCBuildConfiguration section */
		515BBF091D35037C00543388 /* Debug */ = {
			isa = XCBuildConfiguration;
			buildSettings = {
				ALWAYS_SEARCH_USER_PATHS = NO;
				CLANG_ANALYZER_NONNULL = YES;
				CLANG_CXX_LANGUAGE_STANDARD = "gnu++0x";
				CLANG_CXX_LIBRARY = "libc++";
				CLANG_ENABLE_MODULES = YES;
				CLANG_ENABLE_OBJC_ARC = YES;
				CLANG_WARN_BOOL_CONVERSION = YES;
				CLANG_WARN_CONSTANT_CONVERSION = YES;
				CLANG_WARN_DIRECT_OBJC_ISA_USAGE = YES_ERROR;
				CLANG_WARN_EMPTY_BODY = YES;
				CLANG_WARN_ENUM_CONVERSION = YES;
				CLANG_WARN_INT_CONVERSION = YES;
				CLANG_WARN_OBJC_ROOT_CLASS = YES_ERROR;
				CLANG_WARN_UNREACHABLE_CODE = YES;
				CLANG_WARN__DUPLICATE_METHOD_MATCH = YES;
				"CODE_SIGN_IDENTITY[sdk=iphoneos*]" = "iPhone Developer";
				COPY_PHASE_STRIP = NO;
				DEBUG_INFORMATION_FORMAT = dwarf;
				ENABLE_STRICT_OBJC_MSGSEND = YES;
				ENABLE_TESTABILITY = YES;
				GCC_C_LANGUAGE_STANDARD = gnu99;
				GCC_DYNAMIC_NO_PIC = NO;
				GCC_NO_COMMON_BLOCKS = YES;
				GCC_OPTIMIZATION_LEVEL = 0;
				GCC_PREPROCESSOR_DEFINITIONS = (
					"DEBUG=1",
					"$(inherited)",
				);
				GCC_WARN_64_TO_32_BIT_CONVERSION = YES;
				GCC_WARN_ABOUT_RETURN_TYPE = YES_ERROR;
				GCC_WARN_UNDECLARED_SELECTOR = YES;
				GCC_WARN_UNINITIALIZED_AUTOS = YES_AGGRESSIVE;
				GCC_WARN_UNUSED_FUNCTION = YES;
				GCC_WARN_UNUSED_VARIABLE = YES;
				IPHONEOS_DEPLOYMENT_TARGET = 9.3;
				MTL_ENABLE_DEBUG_INFO = YES;
				ONLY_ACTIVE_ARCH = YES;
				SDKROOT = iphoneos;
				SWIFT_OPTIMIZATION_LEVEL = "-Onone";
				TARGETED_DEVICE_FAMILY = "1,2";
			};
			name = Debug;
		};
		515BBF0A1D35037C00543388 /* Release */ = {
			isa = XCBuildConfiguration;
			buildSettings = {
				ALWAYS_SEARCH_USER_PATHS = NO;
				CLANG_ANALYZER_NONNULL = YES;
				CLANG_CXX_LANGUAGE_STANDARD = "gnu++0x";
				CLANG_CXX_LIBRARY = "libc++";
				CLANG_ENABLE_MODULES = YES;
				CLANG_ENABLE_OBJC_ARC = YES;
				CLANG_WARN_BOOL_CONVERSION = YES;
				CLANG_WARN_CONSTANT_CONVERSION = YES;
				CLANG_WARN_DIRECT_OBJC_ISA_USAGE = YES_ERROR;
				CLANG_WARN_EMPTY_BODY = YES;
				CLANG_WARN_ENUM_CONVERSION = YES;
				CLANG_WARN_INT_CONVERSION = YES;
				CLANG_WARN_OBJC_ROOT_CLASS = YES_ERROR;
				CLANG_WARN_UNREACHABLE_CODE = YES;
				CLANG_WARN__DUPLICATE_METHOD_MATCH = YES;
				"CODE_SIGN_IDENTITY[sdk=iphoneos*]" = "iPhone Developer";
				COPY_PHASE_STRIP = NO;
				DEBUG_INFORMATION_FORMAT = "dwarf-with-dsym";
				ENABLE_NS_ASSERTIONS = NO;
				ENABLE_STRICT_OBJC_MSGSEND = YES;
				GCC_C_LANGUAGE_STANDARD = gnu99;
				GCC_NO_COMMON_BLOCKS = YES;
				GCC_WARN_64_TO_32_BIT_CONVERSION = YES;
				GCC_WARN_ABOUT_RETURN_TYPE = YES_ERROR;
				GCC_WARN_UNDECLARED_SELECTOR = YES;
				GCC_WARN_UNINITIALIZED_AUTOS = YES_AGGRESSIVE;
				GCC_WARN_UNUSED_FUNCTION = YES;
				GCC_WARN_UNUSED_VARIABLE = YES;
				IPHONEOS_DEPLOYMENT_TARGET = 9.3;
				MTL_ENABLE_DEBUG_INFO = NO;
				SDKROOT = iphoneos;
				TARGETED_DEVICE_FAMILY = "1,2";
				VALIDATE_PRODUCT = YES;
			};
			name = Release;
		};
		515BBF0C1D35037C00543388 /* Debug */ = {
			isa = XCBuildConfiguration;
			baseConfigurationReference = FBB1F79C203EFCB17FDD7779 /* Pods-pokedex.debug.xcconfig */;
			buildSettings = {
				ASSETCATALOG_COMPILER_APPICON_NAME = AppIcon;
				INFOPLIST_FILE = pokedex/Info.plist;
				LD_RUNPATH_SEARCH_PATHS = "$(inherited) @executable_path/Frameworks";
				PRODUCT_BUNDLE_IDENTIFIER = com.strgar.pokedex;
				PRODUCT_NAME = "$(TARGET_NAME)";
			};
			name = Debug;
		};
		515BBF0D1D35037C00543388 /* Release */ = {
			isa = XCBuildConfiguration;
			baseConfigurationReference = E82A401F12EBA08D7DF6E8B1 /* Pods-pokedex.release.xcconfig */;
			buildSettings = {
				ASSETCATALOG_COMPILER_APPICON_NAME = AppIcon;
				INFOPLIST_FILE = pokedex/Info.plist;
				LD_RUNPATH_SEARCH_PATHS = "$(inherited) @executable_path/Frameworks";
				PRODUCT_BUNDLE_IDENTIFIER = com.strgar.pokedex;
				PRODUCT_NAME = "$(TARGET_NAME)";
			};
			name = Release;
		};
/* End XCBuildConfiguration section */

/* Begin XCConfigurationList section */
		515BBEF41D35037C00543388 /* Build configuration list for PBXProject "pokedex" */ = {
			isa = XCConfigurationList;
			buildConfigurations = (
				515BBF091D35037C00543388 /* Debug */,
				515BBF0A1D35037C00543388 /* Release */,
			);
			defaultConfigurationIsVisible = 0;
			defaultConfigurationName = Release;
		};
		515BBF0B1D35037C00543388 /* Build configuration list for PBXNativeTarget "pokedex" */ = {
			isa = XCConfigurationList;
			buildConfigurations = (
				515BBF0C1D35037C00543388 /* Debug */,
				515BBF0D1D35037C00543388 /* Release */,
			);
			defaultConfigurationIsVisible = 0;
			defaultConfigurationName = Release;
		};
/* End XCConfigurationList section */
	};
	rootObject = 515BBEF11D35037C00543388 /* Project object */;
}
